
Microsoft Visual Studio Solution File, Format Version 12.00
# Visual Studio Version 17
VisualStudioVersion = 17.14.36310.24
MinimumVisualStudioVersion = 10.0.40219.1
Project("{FAE04EC0-301F-11D3-BF4B-00C04F79EFBC}") = "ChainOfResponsibility", "ChainOfResponsibility\ChainOfResponsibility.csproj", "{B177BA72-E4B0-424B-B2D2-01715D47EF1B}"
EndProject
Project("{FAE04EC0-301F-11D3-BF4B-00C04F79EFBC}") = "Iterator", "Iterator\Iterator.csproj", "{FA90E83A-C1C8-499A-8868-1AD61B0B2711}"
EndProject
Project("{FAE04EC0-301F-11D3-BF4B-00C04F79EFBC}") = "Mediator", "Mediator\Mediator.csproj", "{5D82232D-3464-4303-AA64-B1060BEBCADE}"
EndProject
Project("{FAE04EC0-301F-11D3-BF4B-00C04F79EFBC}") = "Observer", "Observer\Observer.csproj", "{9EDCDBBE-97BA-4DC4-8619-1EF40C4E6DB0}"
EndProject
Global
	GlobalSection(SolutionConfigurationPlatforms) = preSolution
		Debug|Any CPU = Debug|Any CPU
		Release|Any CPU = Release|Any CPU
	EndGlobalSection
	GlobalSection(ProjectConfigurationPlatforms) = postSolution
		{B177BA72-E4B0-424B-B2D2-01715D47EF1B}.Debug|Any CPU.ActiveCfg = Debug|Any CPU
		{B177BA72-E4B0-424B-B2D2-01715D47EF1B}.Debug|Any CPU.Build.0 = Debug|Any CPU
		{B177BA72-E4B0-424B-B2D2-01715D47EF1B}.Release|Any CPU.ActiveCfg = Release|Any CPU
		{B177BA72-E4B0-424B-B2D2-01715D47EF1B}.Release|Any CPU.Build.0 = Release|Any CPU
		{FA90E83A-C1C8-499A-8868-1AD61B0B2711}.Debug|Any CPU.ActiveCfg = Debug|Any CPU
		{FA90E83A-C1C8-499A-8868-1AD61B0B2711}.Debug|Any CPU.Build.0 = Debug|Any CPU
		{FA90E83A-C1C8-499A-8868-1AD61B0B2711}.Release|Any CPU.ActiveCfg = Release|Any CPU
		{FA90E83A-C1C8-499A-8868-1AD61B0B2711}.Release|Any CPU.Build.0 = Release|Any CPU
		{5D82232D-3464-4303-AA64-B1060BEBCADE}.Debug|Any CPU.ActiveCfg = Debug|Any CPU
		{5D82232D-3464-4303-AA64-B1060BEBCADE}.Debug|Any CPU.Build.0 = Debug|Any CPU
		{5D82232D-3464-4303-AA64-B1060BEBCADE}.Release|Any CPU.ActiveCfg = Release|Any CPU
		{5D82232D-3464-4303-AA64-B1060BEBCADE}.Release|Any CPU.Build.0 = Release|Any CPU
		{9EDCDBBE-97BA-4DC4-8619-1EF40C4E6DB0}.Debug|Any CPU.ActiveCfg = Debug|Any CPU
		{9EDCDBBE-97BA-4DC4-8619-1EF40C4E6DB0}.Debug|Any CPU.Build.0 = Debug|Any CPU
		{9EDCDBBE-97BA-4DC4-8619-1EF40C4E6DB0}.Release|Any CPU.ActiveCfg = Release|Any CPU
		{9EDCDBBE-97BA-4DC4-8619-1EF40C4E6DB0}.Release|Any CPU.Build.0 = Release|Any CPU
	EndGlobalSection
	GlobalSection(SolutionProperties) = preSolution
		HideSolutionNode = FALSE
	EndGlobalSection
	GlobalSection(ExtensibilityGlobals) = postSolution
		SolutionGuid = {E084D934-E23C-48F7-B4AB-0640F8CDD5C0}
	EndGlobalSection
EndGlobal
