
Microsoft Visual Studio Solution File, Format Version 12.00
# Visual Studio Version 17
VisualStudioVersion = 17.5.33530.505
MinimumVisualStudioVersion = 10.0.40219.1
Project("{8BC9CEB8-8B4A-11D0-8D11-00A0C91BC942}") = "AdapterDesignPattern", "AdapterDesignPattern\AdapterDesignPattern.vcxproj", "{565F6F06-8C98-4960-B284-5642BAAB565D}"
EndProject
Global
	GlobalSection(SolutionConfigurationPlatforms) = preSolution
		Debug|x64 = Debug|x64
		Debug|x86 = Debug|x86
		Release|x64 = Release|x64
		Release|x86 = Release|x86
	EndGlobalSection
	GlobalSection(ProjectConfigurationPlatforms) = postSolution
		{565F6F06-8C98-4960-B284-5642BAAB565D}.Debug|x64.ActiveCfg = Debug|x64
		{565F6F06-8C98-4960-B284-5642BAAB565D}.Debug|x64.Build.0 = Debug|x64
		{565F6F06-8C98-4960-B284-5642BAAB565D}.Debug|x86.ActiveCfg = Debug|Win32
		{565F6F06-8C98-4960-B284-5642BAAB565D}.Debug|x86.Build.0 = Debug|Win32
		{565F6F06-8C98-4960-B284-5642BAAB565D}.Release|x64.ActiveCfg = Release|x64
		{565F6F06-8C98-4960-B284-5642BAAB565D}.Release|x64.Build.0 = Release|x64
		{565F6F06-8C98-4960-B284-5642BAAB565D}.Release|x86.ActiveCfg = Release|Win32
		{565F6F06-8C98-4960-B284-5642BAAB565D}.Release|x86.Build.0 = Release|Win32
	EndGlobalSection
	GlobalSection(SolutionProperties) = preSolution
		HideSolutionNode = FALSE
	EndGlobalSection
	GlobalSection(ExtensibilityGlobals) = postSolution
		SolutionGuid = {6545D769-DDA1-4942-9ADF-534A562BC014}
	EndGlobalSection
EndGlobal
