
Microsoft Visual Studio Solution File, Format Version 12.00
# Visual Studio Version 17
VisualStudioVersion = 17.5.33530.505
MinimumVisualStudioVersion = 10.0.40219.1
Project("{FAE04EC0-301F-11D3-BF4B-00C04F79EFBC}") = "StateDesignPattern", "StateDesignPattern\StateDesignPattern.csproj", "{4671A774-E9ED-498D-924F-47405AAA0A3C}"
EndProject
Global
	GlobalSection(SolutionConfigurationPlatforms) = preSolution
		Debug|Any CPU = Debug|Any CPU
		Release|Any CPU = Release|Any CPU
	EndGlobalSection
	GlobalSection(ProjectConfigurationPlatforms) = postSolution
		{4671A774-E9ED-498D-924F-47405AAA0A3C}.Debug|Any CPU.ActiveCfg = Debug|Any CPU
		{4671A774-E9ED-498D-924F-47405AAA0A3C}.Debug|Any CPU.Build.0 = Debug|Any CPU
		{4671A774-E9ED-498D-924F-47405AAA0A3C}.Release|Any CPU.ActiveCfg = Release|Any CPU
		{4671A774-E9ED-498D-924F-47405AAA0A3C}.Release|Any CPU.Build.0 = Release|Any CPU
	EndGlobalSection
	GlobalSection(SolutionProperties) = preSolution
		HideSolutionNode = FALSE
	EndGlobalSection
	GlobalSection(ExtensibilityGlobals) = postSolution
		SolutionGuid = {01B505C4-A930-4A8E-8892-CE0F0DF956C1}
	EndGlobalSection
EndGlobal
