
Microsoft Visual Studio Solution File, Format Version 12.00
# Visual Studio Version 17
VisualStudioVersion = 17.5.33530.505
MinimumVisualStudioVersion = 10.0.40219.1
Project("{FAE04EC0-301F-11D3-BF4B-00C04F79EFBC}") = "IteratorDesignPattern", "IteratorDesignPattern.csproj", "{08A34CE1-31F0-4F83-9194-A57D30E548CE}"
EndProject
Global
	GlobalSection(SolutionConfigurationPlatforms) = preSolution
		Debug|Any CPU = Debug|Any CPU
		Release|Any CPU = Release|Any CPU
	EndGlobalSection
	GlobalSection(ProjectConfigurationPlatforms) = postSolution
		{08A34CE1-31F0-4F83-9194-A57D30E548CE}.Debug|Any CPU.ActiveCfg = Debug|Any CPU
		{08A34CE1-31F0-4F83-9194-A57D30E548CE}.Debug|Any CPU.Build.0 = Debug|Any CPU
		{08A34CE1-31F0-4F83-9194-A57D30E548CE}.Release|Any CPU.ActiveCfg = Release|Any CPU
		{08A34CE1-31F0-4F83-9194-A57D30E548CE}.Release|Any CPU.Build.0 = Release|Any CPU
	EndGlobalSection
	GlobalSection(SolutionProperties) = preSolution
		HideSolutionNode = FALSE
	EndGlobalSection
	GlobalSection(ExtensibilityGlobals) = postSolution
		SolutionGuid = {95B81DA9-80AD-44DC-9BF2-7782859D6179}
	EndGlobalSection
EndGlobal
